
Microsoft Visual Studio Solution File, Format Version 12.00
Project("{FAE04EC0-301F-11D3-BF4B-00C04F79EFBC}") = "PxG", "PxG\PxG.csproj", "{9AF648D3-FDBA-4711-B6DE-D5A48F68DE95}"
EndProject
Project("{FAE04EC0-301F-11D3-BF4B-00C04F79EFBC}") = "Tests", "Tests\Tests.csproj", "{3FF64BB5-97C2-418F-8BC4-5EC300F91044}"
EndProject
Global
	GlobalSection(SolutionConfigurationPlatforms) = preSolution
		Debug|Any CPU = Debug|Any CPU
		Release|Any CPU = Release|Any CPU
	EndGlobalSection
	GlobalSection(ProjectConfigurationPlatforms) = postSolution
		{9AF648D3-FDBA-4711-B6DE-D5A48F68DE95}.Debug|Any CPU.ActiveCfg = Debug|Any CPU
		{9AF648D3-FDBA-4711-B6DE-D5A48F68DE95}.Debug|Any CPU.Build.0 = Debug|Any CPU
		{9AF648D3-FDBA-4711-B6DE-D5A48F68DE95}.Release|Any CPU.ActiveCfg = Release|Any CPU
		{9AF648D3-FDBA-4711-B6DE-D5A48F68DE95}.Release|Any CPU.Build.0 = Release|Any CPU
		{3FF64BB5-97C2-418F-8BC4-5EC300F91044}.Debug|Any CPU.ActiveCfg = Debug|Any CPU
		{3FF64BB5-97C2-418F-8BC4-5EC300F91044}.Debug|Any CPU.Build.0 = Debug|Any CPU
		{3FF64BB5-97C2-418F-8BC4-5EC300F91044}.Release|Any CPU.ActiveCfg = Release|Any CPU
		{3FF64BB5-97C2-418F-8BC4-5EC300F91044}.Release|Any CPU.Build.0 = Release|Any CPU
	EndGlobalSection
EndGlobal
